// !$*UTF8*$!
{
	archiveVersion = 1;
	classes = {
	};
	objectVersion = 50;
	objects = {

/* Begin PBXBuildFile section */
		04C12FD82185C1CA00A53BDC /* AppDelegate.m in Sources */ = {isa = PBXBuildFile; fileRef = 04C12FD72185C1CA00A53BDC /* AppDelegate.m */; };
		04C12FDB2185C1CA00A53BDC /* ViewController.m in Sources */ = {isa = PBXBuildFile; fileRef = 04C12FDA2185C1CA00A53BDC /* ViewController.m */; };
		04C12FDE2185C1CA00A53BDC /* Main.storyboard in Resources */ = {isa = PBXBuildFile; fileRef = 04C12FDC2185C1CA00A53BDC /* Main.storyboard */; };
		04C12FE02185C1CB00A53BDC /* Assets.xcassets in Resources */ = {isa = PBXBuildFile; fileRef = 04C12FDF2185C1CB00A53BDC /* Assets.xcassets */; };
		04C12FE32185C1CC00A53BDC /* LaunchScreen.storyboard in Resources */ = {isa = PBXBuildFile; fileRef = 04C12FE12185C1CC00A53BDC /* LaunchScreen.storyboard */; };
		04C12FE62185C1CC00A53BDC /* main.m in Sources */ = {isa = PBXBuildFile; fileRef = 04C12FE52185C1CC00A53BDC /* main.m */; };
		04C12FF02185C1CC00A53BDC /* monitor_tableview_navigationDemoTests.m in Sources */ = {isa = PBXBuildFile; fileRef = 04C12FEF2185C1CC00A53BDC /* monitor_tableview_navigationDemoTests.m */; };
		04C12FFB2185C1CC00A53BDC /* monitor_tableview_navigationDemoUITests.m in Sources */ = {isa = PBXBuildFile; fileRef = 04C12FFA2185C1CC00A53BDC /* monitor_tableview_navigationDemoUITests.m */; };
/* End PBXBuildFile section */

/* Begin PBXContainerItemProxy section */
		04C12FEC2185C1CC00A53BDC /* PBXContainerItemProxy */ = {
			isa = PBXContainerItemProxy;
			containerPortal = 04C12FCB2185C1CA00A53BDC /* Project object */;
			proxyType = 1;
			remoteGlobalIDString = 04C12FD22185C1CA00A53BDC;
			remoteInfo = "monitor-tableview-navigationDemo";
		};
		04C12FF72185C1CC00A53BDC /* PBXContainerItemProxy */ = {
			isa = PBXContainerItemProxy;
			containerPortal = 04C12FCB2185C1CA00A53BDC /* Project object */;
			proxyType = 1;
			remoteGlobalIDString = 04C12FD22185C1CA00A53BDC;
			remoteInfo = "monitor-tableview-navigationDemo";
		};
/* End PBXContainerItemProxy section */

/* Begin PBXFileReference section */
		04C12FD32185C1CA00A53BDC /* monitor-tableview-navigationDemo.app */ = {isa = PBXFileReference; explicitFileType = wrapper.application; includeInIndex = 0; path = "monitor-tableview-navigationDemo.app"; sourceTree = BUILT_PRODUCTS_DIR; };
		04C12FD62185C1CA00A53BDC /* AppDelegate.h */ = {isa = PBXFileReference; lastKnownFileType = sourcecode.c.h; path = AppDelegate.h; sourceTree = "<group>"; };
		04C12FD72185C1CA00A53BDC /* AppDelegate.m */ = {isa = PBXFileReference; lastKnownFileType = sourcecode.c.objc; path = AppDelegate.m; sourceTree = "<group>"; };
		04C12FD92185C1CA00A53BDC /* ViewController.h */ = {isa = PBXFileReference; lastKnownFileType = sourcecode.c.h; path = ViewController.h; sourceTree = "<group>"; };
		04C12FDA2185C1CA00A53BDC /* ViewController.m */ = {isa = PBXFileReference; lastKnownFileType = sourcecode.c.objc; path = ViewController.m; sourceTree = "<group>"; };
		04C12FDD2185C1CA00A53BDC /* Base */ = {isa = PBXFileReference; lastKnownFileType = file.storyboard; name = Base; path = Base.lproj/Main.storyboard; sourceTree = "<group>"; };
		04C12FDF2185C1CB00A53BDC /* Assets.xcassets */ = {isa = PBXFileReference; lastKnownFileType = folder.assetcatalog; path = Assets.xcassets; sourceTree = "<group>"; };
		04C12FE22185C1CC00A53BDC /* Base */ = {isa = PBXFileReference; lastKnownFileType = file.storyboard; name = Base; path = Base.lproj/LaunchScreen.storyboard; sourceTree = "<group>"; };
		04C12FE42185C1CC00A53BDC /* Info.plist */ = {isa = PBXFileReference; lastKnownFileType = text.plist.xml; path = Info.plist; sourceTree = "<group>"; };
		04C12FE52185C1CC00A53BDC /* main.m */ = {isa = PBXFileReference; lastKnownFileType = sourcecode.c.objc; path = main.m; sourceTree = "<group>"; };
		04C12FEB2185C1CC00A53BDC /* monitor-tableview-navigationDemoTests.xctest */ = {isa = PBXFileReference; explicitFileType = wrapper.cfbundle; includeInIndex = 0; path = "monitor-tableview-navigationDemoTests.xctest"; sourceTree = BUILT_PRODUCTS_DIR; };
		04C12FEF2185C1CC00A53BDC /* monitor_tableview_navigationDemoTests.m */ = {isa = PBXFileReference; lastKnownFileType = sourcecode.c.objc; path = monitor_tableview_navigationDemoTests.m; sourceTree = "<group>"; };
		04C12FF12185C1CC00A53BDC /* Info.plist */ = {isa = PBXFileReference; lastKnownFileType = text.plist.xml; path = Info.plist; sourceTree = "<group>"; };
		04C12FF62185C1CC00A53BDC /* monitor-tableview-navigationDemoUITests.xctest */ = {isa = PBXFileReference; explicitFileType = wrapper.cfbundle; includeInIndex = 0; path = "monitor-tableview-navigationDemoUITests.xctest"; sourceTree = BUILT_PRODUCTS_DIR; };
		04C12FFA2185C1CC00A53BDC /* monitor_tableview_navigationDemoUITests.m */ = {isa = PBXFileReference; lastKnownFileType = sourcecode.c.objc; path = monitor_tableview_navigationDemoUITests.m; sourceTree = "<group>"; };
		04C12FFC2185C1CC00A53BDC /* Info.plist */ = {isa = PBXFileReference; lastKnownFileType = text.plist.xml; path = Info.plist; sourceTree = "<group>"; };
/* End PBXFileReference section */

/* Begin PBXFrameworksBuildPhase section */
		04C12FD02185C1CA00A53BDC /* Frameworks */ = {
			isa = PBXFrameworksBuildPhase;
			buildActionMask = 2147483647;
			files = (
			);
			runOnlyForDeploymentPostprocessing = 0;
		};
		04C12FE82185C1CC00A53BDC /* Frameworks */ = {
			isa = PBXFrameworksBuildPhase;
			buildActionMask = 2147483647;
			files = (
			);
			runOnlyForDeploymentPostprocessing = 0;
		};
		04C12FF32185C1CC00A53BDC /* Frameworks */ = {
			isa = PBXFrameworksBuildPhase;
			buildActionMask = 2147483647;
			files = (
			);
			runOnlyForDeploymentPostprocessing = 0;
		};
/* End PBXFrameworksBuildPhase section */

/* Begin PBXGroup section */
		04C12FCA2185C1CA00A53BDC = {
			isa = PBXGroup;
			children = (
				04C12FD52185C1CA00A53BDC /* monitor-tableview-navigationDemo */,
				04C12FEE2185C1CC00A53BDC /* monitor-tableview-navigationDemoTests */,
				04C12FF92185C1CC00A53BDC /* monitor-tableview-navigationDemoUITests */,
				04C12FD42185C1CA00A53BDC /* Products */,
			);
			sourceTree = "<group>";
		};
		04C12FD42185C1CA00A53BDC /* Products */ = {
			isa = PBXGroup;
			children = (
				04C12FD32185C1CA00A53BDC /* monitor-tableview-navigationDemo.app */,
				04C12FEB2185C1CC00A53BDC /* monitor-tableview-navigationDemoTests.xctest */,
				04C12FF62185C1CC00A53BDC /* monitor-tableview-navigationDemoUITests.xctest */,
			);
			name = Products;
			sourceTree = "<group>";
		};
		04C12FD52185C1CA00A53BDC /* monitor-tableview-navigationDemo */ = {
			isa = PBXGroup;
			children = (
				04C12FD62185C1CA00A53BDC /* AppDelegate.h */,
				04C12FD72185C1CA00A53BDC /* AppDelegate.m */,
				04C12FD92185C1CA00A53BDC /* ViewController.h */,
				04C12FDA2185C1CA00A53BDC /* ViewController.m */,
				04C12FDC2185C1CA00A53BDC /* Main.storyboard */,
				04C12FDF2185C1CB00A53BDC /* Assets.xcassets */,
				04C12FE12185C1CC00A53BDC /* LaunchScreen.storyboard */,
				04C12FE42185C1CC00A53BDC /* Info.plist */,
				04C12FE52185C1CC00A53BDC /* main.m */,
			);
			path = "monitor-tableview-navigationDemo";
			sourceTree = "<group>";
		};
		04C12FEE2185C1CC00A53BDC /* monitor-tableview-navigationDemoTests */ = {
			isa = PBXGroup;
			children = (
				04C12FEF2185C1CC00A53BDC /* monitor_tableview_navigationDemoTests.m */,
				04C12FF12185C1CC00A53BDC /* Info.plist */,
			);
			path = "monitor-tableview-navigationDemoTests";
			sourceTree = "<group>";
		};
		04C12FF92185C1CC00A53BDC /* monitor-tableview-navigationDemoUITests */ = {
			isa = PBXGroup;
			children = (
				04C12FFA2185C1CC00A53BDC /* monitor_tableview_navigationDemoUITests.m */,
				04C12FFC2185C1CC00A53BDC /* Info.plist */,
			);
			path = "monitor-tableview-navigationDemoUITests";
			sourceTree = "<group>";
		};
/* End PBXGroup section */

/* Begin PBXNativeTarget section */
		04C12FD22185C1CA00A53BDC /* monitor-tableview-navigationDemo */ = {
			isa = PBXNativeTarget;
			buildConfigurationList = 04C12FFF2185C1CC00A53BDC /* Build configuration list for PBXNativeTarget "monitor-tableview-navigationDemo" */;
			buildPhases = (
				04C12FCF2185C1CA00A53BDC /* Sources */,
				04C12FD02185C1CA00A53BDC /* Frameworks */,
				04C12FD12185C1CA00A53BDC /* Resources */,
			);
			buildRules = (
			);
			dependencies = (
			);
			name = "monitor-tableview-navigationDemo";
			productName = "monitor-tableview-navigationDemo";
			productReference = 04C12FD32185C1CA00A53BDC /* monitor-tableview-navigationDemo.app */;
			productType = "com.apple.product-type.application";
		};
		04C12FEA2185C1CC00A53BDC /* monitor-tableview-navigationDemoTests */ = {
			isa = PBXNativeTarget;
			buildConfigurationList = 04C130022185C1CC00A53BDC /* Build configuration list for PBXNativeTarget "monitor-tableview-navigationDemoTests" */;
			buildPhases = (
				04C12FE72185C1CC00A53BDC /* Sources */,
				04C12FE82185C1CC00A53BDC /* Frameworks */,
				04C12FE92185C1CC00A53BDC /* Resources */,
			);
			buildRules = (
			);
			dependencies = (
				04C12FED2185C1CC00A53BDC /* PBXTargetDependency */,
			);
			name = "monitor-tableview-navigationDemoTests";
			productName = "monitor-tableview-navigationDemoTests";
			productReference = 04C12FEB2185C1CC00A53BDC /* monitor-tableview-navigationDemoTests.xctest */;
			productType = "com.apple.product-type.bundle.unit-test";
		};
		04C12FF52185C1CC00A53BDC /* monitor-tableview-navigationDemoUITests */ = {
			isa = PBXNativeTarget;
			buildConfigurationList = 04C130052185C1CC00A53BDC /* Build configuration list for PBXNativeTarget "monitor-tableview-navigationDemoUITests" */;
			buildPhases = (
				04C12FF22185C1CC00A53BDC /* Sources */,
				04C12FF32185C1CC00A53BDC /* Frameworks */,
				04C12FF42185C1CC00A53BDC /* Resources */,
			);
			buildRules = (
			);
			dependencies = (
				04C12FF82185C1CC00A53BDC /* PBXTargetDependency */,
			);
			name = "monitor-tableview-navigationDemoUITests";
			productName = "monitor-tableview-navigationDemoUITests";
			productReference = 04C12FF62185C1CC00A53BDC /* monitor-tableview-navigationDemoUITests.xctest */;
			productType = "com.apple.product-type.bundle.ui-testing";
		};
/* End PBXNativeTarget section */

/* Begin PBXProject section */
		04C12FCB2185C1CA00A53BDC /* Project object */ = {
			isa = PBXProject;
			attributes = {
				LastUpgradeCheck = 1000;
				ORGANIZATIONNAME = "姜凯文";
				TargetAttributes = {
					04C12FD22185C1CA00A53BDC = {
						CreatedOnToolsVersion = 10.0;
					};
					04C12FEA2185C1CC00A53BDC = {
						CreatedOnToolsVersion = 10.0;
						TestTargetID = 04C12FD22185C1CA00A53BDC;
					};
					04C12FF52185C1CC00A53BDC = {
						CreatedOnToolsVersion = 10.0;
						TestTargetID = 04C12FD22185C1CA00A53BDC;
					};
				};
			};
			buildConfigurationList = 04C12FCE2185C1CA00A53BDC /* Build configuration list for PBXProject "monitor-tableview-navigationDemo" */;
			compatibilityVersion = "Xcode 9.3";
			developmentRegion = en;
			hasScannedForEncodings = 0;
			knownRegions = (
				en,
				Base,
			);
			mainGroup = 04C12FCA2185C1CA00A53BDC;
			productRefGroup = 04C12FD42185C1CA00A53BDC /* Products */;
			projectDirPath = "";
			projectRoot = "";
			targets = (
				04C12FD22185C1CA00A53BDC /* monitor-tableview-navigationDemo */,
				04C12FEA2185C1CC00A53BDC /* monitor-tableview-navigationDemoTests */,
				04C12FF52185C1CC00A53BDC /* monitor-tableview-navigationDemoUITests */,
			);
		};
/* End PBXProject section */

/* Begin PBXResourcesBuildPhase section */
		04C12FD12185C1CA00A53BDC /* Resources */ = {
			isa = PBXResourcesBuildPhase;
			buildActionMask = 2147483647;
			files = (
				04C12FE32185C1CC00A53BDC /* LaunchScreen.storyboard in Resources */,
				04C12FE02185C1CB00A53BDC /* Assets.xcassets in Resources */,
				04C12FDE2185C1CA00A53BDC /* Main.storyboard in Resources */,
			);
			runOnlyForDeploymentPostprocessing = 0;
		};
		04C12FE92185C1CC00A53BDC /* Resources */ = {
			isa = PBXResourcesBuildPhase;
			buildActionMask = 2147483647;
			files = (
			);
			runOnlyForDeploymentPostprocessing = 0;
		};
		04C12FF42185C1CC00A53BDC /* Resources */ = {
			isa = PBXResourcesBuildPhase;
			buildActionMask = 2147483647;
			files = (
			);
			runOnlyForDeploymentPostprocessing = 0;
		};
/* End PBXResourcesBuildPhase section */

/* Begin PBXSourcesBuildPhase section */
		04C12FCF2185C1CA00A53BDC /* Sources */ = {
			isa = PBXSourcesBuildPhase;
			buildActionMask = 2147483647;
			files = (
				04C12FDB2185C1CA00A53BDC /* ViewController.m in Sources */,
				04C12FE62185C1CC00A53BDC /* main.m in Sources */,
				04C12FD82185C1CA00A53BDC /* AppDelegate.m in Sources */,
			);
			runOnlyForDeploymentPostprocessing = 0;
		};
		04C12FE72185C1CC00A53BDC /* Sources */ = {
			isa = PBXSourcesBuildPhase;
			buildActionMask = 2147483647;
			files = (
				04C12FF02185C1CC00A53BDC /* monitor_tableview_navigationDemoTests.m in Sources */,
			);
			runOnlyForDeploymentPostprocessing = 0;
		};
		04C12FF22185C1CC00A53BDC /* Sources */ = {
			isa = PBXSourcesBuildPhase;
			buildActionMask = 2147483647;
			files = (
				04C12FFB2185C1CC00A53BDC /* monitor_tableview_navigationDemoUITests.m in Sources */,
			);
			runOnlyForDeploymentPostprocessing = 0;
		};
/* End PBXSourcesBuildPhase section */

/* Begin PBXTargetDependency section */
		04C12FED2185C1CC00A53BDC /* PBXTargetDependency */ = {
			isa = PBXTargetDependency;
			target = 04C12FD22185C1CA00A53BDC /* monitor-tableview-navigationDemo */;
			targetProxy = 04C12FEC2185C1CC00A53BDC /* PBXContainerItemProxy */;
		};
		04C12FF82185C1CC00A53BDC /* PBXTargetDependency */ = {
			isa = PBXTargetDependency;
			target = 04C12FD22185C1CA00A53BDC /* monitor-tableview-navigationDemo */;
			targetProxy = 04C12FF72185C1CC00A53BDC /* PBXContainerItemProxy */;
		};
/* End PBXTargetDependency section */

/* Begin PBXVariantGroup section */
		04C12FDC2185C1CA00A53BDC /* Main.storyboard */ = {
			isa = PBXVariantGroup;
			children = (
				04C12FDD2185C1CA00A53BDC /* Base */,
			);
			name = Main.storyboard;
			sourceTree = "<group>";
		};
		04C12FE12185C1CC00A53BDC /* LaunchScreen.storyboard */ = {
			isa = PBXVariantGroup;
			children = (
				04C12FE22185C1CC00A53BDC /* Base */,
			);
			name = LaunchScreen.storyboard;
			sourceTree = "<group>";
		};
/* End PBXVariantGroup section */

/* Begin XCBuildConfiguration section */
		04C12FFD2185C1CC00A53BDC /* Debug */ = {
			isa = XCBuildConfiguration;
			buildSettings = {
				ALWAYS_SEARCH_USER_PATHS = NO;
				CLANG_ANALYZER_NONNULL = YES;
				CLANG_ANALYZER_NUMBER_OBJECT_CONVERSION = YES_AGGRESSIVE;
				CLANG_CXX_LANGUAGE_STANDARD = "gnu++14";
				CLANG_CXX_LIBRARY = "libc++";
				CLANG_ENABLE_MODULES = YES;
				CLANG_ENABLE_OBJC_ARC = YES;
				CLANG_ENABLE_OBJC_WEAK = YES;
				CLANG_WARN_BLOCK_CAPTURE_AUTORELEASING = YES;
				CLANG_WARN_BOOL_CONVERSION = YES;
				CLANG_WARN_COMMA = YES;
				CLANG_WARN_CONSTANT_CONVERSION = YES;
				CLANG_WARN_DEPRECATED_OBJC_IMPLEMENTATIONS = YES;
				CLANG_WARN_DIRECT_OBJC_ISA_USAGE = YES_ERROR;
				CLANG_WARN_DOCUMENTATION_COMMENTS = YES;
				CLANG_WARN_EMPTY_BODY = YES;
				CLANG_WARN_ENUM_CONVERSION = YES;
				CLANG_WARN_INFINITE_RECURSION = YES;
				CLANG_WARN_INT_CONVERSION = YES;
				CLANG_WARN_NON_LITERAL_NULL_CONVERSION = YES;
				CLANG_WARN_OBJC_IMPLICIT_RETAIN_SELF = YES;
				CLANG_WARN_OBJC_LITERAL_CONVERSION = YES;
				CLANG_WARN_OBJC_ROOT_CLASS = YES_ERROR;
				CLANG_WARN_RANGE_LOOP_ANALYSIS = YES;
				CLANG_WARN_STRICT_PROTOTYPES = YES;
				CLANG_WARN_SUSPICIOUS_MOVE = YES;
				CLANG_WARN_UNGUARDED_AVAILABILITY = YES_AGGRESSIVE;
				CLANG_WARN_UNREACHABLE_CODE = YES;
				CLANG_WARN__DUPLICATE_METHOD_MATCH = YES;
				CODE_SIGN_IDENTITY = "iPhone Developer";
				COPY_PHASE_STRIP = NO;
				DEBUG_INFORMATION_FORMAT = dwarf;
				ENABLE_STRICT_OBJC_MSGSEND = YES;
				ENABLE_TESTABILITY = YES;
				GCC_C_LANGUAGE_STANDARD = gnu11;
				GCC_DYNAMIC_NO_PIC = NO;
				GCC_NO_COMMON_BLOCKS = YES;
				GCC_OPTIMIZATION_LEVEL = 0;
				GCC_PREPROCESSOR_DEFINITIONS = (
					"DEBUG=1",
					"$(inherited)",
				);
				GCC_WARN_64_TO_32_BIT_CONVERSION = YES;
				GCC_WARN_ABOUT_RETURN_TYPE = YES_ERROR;
				GCC_WARN_UNDECLARED_SELECTOR = YES;
				GCC_WARN_UNINITIALIZED_AUTOS = YES_AGGRESSIVE;
				GCC_WARN_UNUSED_FUNCTION = YES;
				GCC_WARN_UNUSED_VARIABLE = YES;
				IPHONEOS_DEPLOYMENT_TARGET = 12.0;
				MTL_ENABLE_DEBUG_INFO = INCLUDE_SOURCE;
				MTL_FAST_MATH = YES;
				ONLY_ACTIVE_ARCH = YES;
				SDKROOT = iphoneos;
			};
			name = Debug;
		};
		04C12FFE2185C1CC00A53BDC /* Release */ = {
			isa = XCBuildConfiguration;
			buildSettings = {
				ALWAYS_SEARCH_USER_PATHS = NO;
				CLANG_ANALYZER_NONNULL = YES;
				CLANG_ANALYZER_NUMBER_OBJECT_CONVERSION = YES_AGGRESSIVE;
				CLANG_CXX_LANGUAGE_STANDARD = "gnu++14";
				CLANG_CXX_LIBRARY = "libc++";
				CLANG_ENABLE_MODULES = YES;
				CLANG_ENABLE_OBJC_ARC = YES;
				CLANG_ENABLE_OBJC_WEAK = YES;
				CLANG_WARN_BLOCK_CAPTURE_AUTORELEASING = YES;
				CLANG_WARN_BOOL_CONVERSION = YES;
				CLANG_WARN_COMMA = YES;
				CLANG_WARN_CONSTANT_CONVERSION = YES;
				CLANG_WARN_DEPRECATED_OBJC_IMPLEMENTATIONS = YES;
				CLANG_WARN_DIRECT_OBJC_ISA_USAGE = YES_ERROR;
				CLANG_WARN_DOCUMENTATION_COMMENTS = YES;
				CLANG_WARN_EMPTY_BODY = YES;
				CLANG_WARN_ENUM_CONVERSION = YES;
				CLANG_WARN_INFINITE_RECURSION = YES;
				CLANG_WARN_INT_CONVERSION = YES;
				CLANG_WARN_NON_LITERAL_NULL_CONVERSION = YES;
				CLANG_WARN_OBJC_IMPLICIT_RETAIN_SELF = YES;
				CLANG_WARN_OBJC_LITERAL_CONVERSION = YES;
				CLANG_WARN_OBJC_ROOT_CLASS = YES_ERROR;
				CLANG_WARN_RANGE_LOOP_ANALYSIS = YES;
				CLANG_WARN_STRICT_PROTOTYPES = YES;
				CLANG_WARN_SUSPICIOUS_MOVE = YES;
				CLANG_WARN_UNGUARDED_AVAILABILITY = YES_AGGRESSIVE;
				CLANG_WARN_UNREACHABLE_CODE = YES;
				CLANG_WARN__DUPLICATE_METHOD_MATCH = YES;
				CODE_SIGN_IDENTITY = "iPhone Developer";
				COPY_PHASE_STRIP = NO;
				DEBUG_INFORMATION_FORMAT = "dwarf-with-dsym";
				ENABLE_NS_ASSERTIONS = NO;
				ENABLE_STRICT_OBJC_MSGSEND = YES;
				GCC_C_LANGUAGE_STANDARD = gnu11;
				GCC_NO_COMMON_BLOCKS = YES;
				GCC_WARN_64_TO_32_BIT_CONVERSION = YES;
				GCC_WARN_ABOUT_RETURN_TYPE = YES_ERROR;
				GCC_WARN_UNDECLARED_SELECTOR = YES;
				GCC_WARN_UNINITIALIZED_AUTOS = YES_AGGRESSIVE;
				GCC_WARN_UNUSED_FUNCTION = YES;
				GCC_WARN_UNUSED_VARIABLE = YES;
				IPHONEOS_DEPLOYMENT_TARGET = 12.0;
				MTL_ENABLE_DEBUG_INFO = NO;
				MTL_FAST_MATH = YES;
				SDKROOT = iphoneos;
				VALIDATE_PRODUCT = YES;
			};
			name = Release;
		};
		04C130002185C1CC00A53BDC /* Debug */ = {
			isa = XCBuildConfiguration;
			buildSettings = {
				ASSETCATALOG_COMPILER_APPICON_NAME = AppIcon;
				CODE_SIGN_STYLE = Automatic;
				DEVELOPMENT_TEAM = 94Q433PSKZ;
				INFOPLIST_FILE = "monitor-tableview-navigationDemo/Info.plist";
				LD_RUNPATH_SEARCH_PATHS = (
					"$(inherited)",
					"@executable_path/Frameworks",
				);
				PRODUCT_BUNDLE_IDENTIFIER = "---.monitor-tableview-navigationDemo";
				PRODUCT_NAME = "$(TARGET_NAME)";
				TARGETED_DEVICE_FAMILY = "1,2";
			};
			name = Debug;
		};
		04C130012185C1CC00A53BDC /* Release */ = {
			isa = XCBuildConfiguration;
			buildSettings = {
				ASSETCATALOG_COMPILER_APPICON_NAME = AppIcon;
				CODE_SIGN_STYLE = Automatic;
				DEVELOPMENT_TEAM = 94Q433PSKZ;
				INFOPLIST_FILE = "monitor-tableview-navigationDemo/Info.plist";
				LD_RUNPATH_SEARCH_PATHS = (
					"$(inherited)",
					"@executable_path/Frameworks",
				);
				PRODUCT_BUNDLE_IDENTIFIER = "---.monitor-tableview-navigationDemo";
				PRODUCT_NAME = "$(TARGET_NAME)";
				TARGETED_DEVICE_FAMILY = "1,2";
			};
			name = Release;
		};
		04C130032185C1CC00A53BDC /* Debug */ = {
			isa = XCBuildConfiguration;
			buildSettings = {
				BUNDLE_LOADER = "$(TEST_HOST)";
				CODE_SIGN_STYLE = Automatic;
				DEVELOPMENT_TEAM = 94Q433PSKZ;
				INFOPLIST_FILE = "monitor-tableview-navigationDemoTests/Info.plist";
				LD_RUNPATH_SEARCH_PATHS = (
					"$(inherited)",
					"@executable_path/Frameworks",
					"@loader_path/Frameworks",
				);
				PRODUCT_BUNDLE_IDENTIFIER = "---.monitor-tableview-navigationDemoTests";
				PRODUCT_NAME = "$(TARGET_NAME)";
				TARGETED_DEVICE_FAMILY = "1,2";
				TEST_HOST = "$(BUILT_PRODUCTS_DIR)/monitor-tableview-navigationDemo.app/monitor-tableview-navigationDemo";
			};
			name = Debug;
		};
		04C130042185C1CC00A53BDC /* Release */ = {
			isa = XCBuildConfiguration;
			buildSettings = {
				BUNDLE_LOADER = "$(TEST_HOST)";
				CODE_SIGN_STYLE = Automatic;
				DEVELOPMENT_TEAM = 94Q433PSKZ;
				INFOPLIST_FILE = "monitor-tableview-navigationDemoTests/Info.plist";
				LD_RUNPATH_SEARCH_PATHS = (
					"$(inherited)",
					"@executable_path/Frameworks",
					"@loader_path/Frameworks",
				);
				PRODUCT_BUNDLE_IDENTIFIER = "---.monitor-tableview-navigationDemoTests";
				PRODUCT_NAME = "$(TARGET_NAME)";
				TARGETED_DEVICE_FAMILY = "1,2";
				TEST_HOST = "$(BUILT_PRODUCTS_DIR)/monitor-tableview-navigationDemo.app/monitor-tableview-navigationDemo";
			};
			name = Release;
		};
		04C130062185C1CC00A53BDC /* Debug */ = {
			isa = XCBuildConfiguration;
			buildSettings = {
				CODE_SIGN_STYLE = Automatic;
				DEVELOPMENT_TEAM = 94Q433PSKZ;
				INFOPLIST_FILE = "monitor-tableview-navigationDemoUITests/Info.plist";
				LD_RUNPATH_SEARCH_PATHS = (
					"$(inherited)",
					"@executable_path/Frameworks",
					"@loader_path/Frameworks",
				);
				PRODUCT_BUNDLE_IDENTIFIER = "---.monitor-tableview-navigationDemoUITests";
				PRODUCT_NAME = "$(TARGET_NAME)";
				TARGETED_DEVICE_FAMILY = "1,2";
				TEST_TARGET_NAME = "monitor-tableview-navigationDemo";
			};
			name = Debug;
		};
		04C130072185C1CC00A53BDC /* Release */ = {
			isa = XCBuildConfiguration;
			buildSettings = {
				CODE_SIGN_STYLE = Automatic;
				DEVELOPMENT_TEAM = 94Q433PSKZ;
				INFOPLIST_FILE = "monitor-tableview-navigationDemoUITests/Info.plist";
				LD_RUNPATH_SEARCH_PATHS = (
					"$(inherited)",
					"@executable_path/Frameworks",
					"@loader_path/Frameworks",
				);
				PRODUCT_BUNDLE_IDENTIFIER = "---.monitor-tableview-navigationDemoUITests";
				PRODUCT_NAME = "$(TARGET_NAME)";
				TARGETED_DEVICE_FAMILY = "1,2";
				TEST_TARGET_NAME = "monitor-tableview-navigationDemo";
			};
			name = Release;
		};
/* End XCBuildConfiguration section */

/* Begin XCConfigurationList section */
		04C12FCE2185C1CA00A53BDC /* Build configuration list for PBXProject "monitor-tableview-navigationDemo" */ = {
			isa = XCConfigurationList;
			buildConfigurations = (
				04C12FFD2185C1CC00A53BDC /* Debug */,
				04C12FFE2185C1CC00A53BDC /* Release */,
			);
			defaultConfigurationIsVisible = 0;
			defaultConfigurationName = Release;
		};
		04C12FFF2185C1CC00A53BDC /* Build configuration list for PBXNativeTarget "monitor-tableview-navigationDemo" */ = {
			isa = XCConfigurationList;
			buildConfigurations = (
				04C130002185C1CC00A53BDC /* Debug */,
				04C130012185C1CC00A53BDC /* Release */,
			);
			defaultConfigurationIsVisible = 0;
			defaultConfigurationName = Release;
		};
		04C130022185C1CC00A53BDC /* Build configuration list for PBXNativeTarget "monitor-tableview-navigationDemoTests" */ = {
			isa = XCConfigurationList;
			buildConfigurations = (
				04C130032185C1CC00A53BDC /* Debug */,
				04C130042185C1CC00A53BDC /* Release */,
			);
			defaultConfigurationIsVisible = 0;
			defaultConfigurationName = Release;
		};
		04C130052185C1CC00A53BDC /* Build configuration list for PBXNativeTarget "monitor-tableview-navigationDemoUITests" */ = {
			isa = XCConfigurationList;
			buildConfigurations = (
				04C130062185C1CC00A53BDC /* Debug */,
				04C130072185C1CC00A53BDC /* Release */,
			);
			defaultConfigurationIsVisible = 0;
			defaultConfigurationName = Release;
		};
/* End XCConfigurationList section */
	};
	rootObject = 04C12FCB2185C1CA00A53BDC /* Project object */;
}
